{
  "name": "freegamehost-bot",
  "version": "1.0.0",
  "lockfileVersion": 3,
  "requires": true,
  "packages": {
    "": {
      "name": "freegamehost-bot",
      "version": "1.0.0",
      "dependencies": {
        "puppeteer": "^21.6.0",
        "puppeteer-extra": "^3.3.6",
        "puppeteer-extra-plugin-stealth": "^2.11.2"
      }
    },
    "node_modules/puppeteer": {
      "version": "21.6.0",
      "resolved": "https://registry.npmjs.org/puppeteer/-/puppeteer-21.6.0.tgz",
      "integrity": "sha512-5p4Vfx3qNTmWbwSJY2E0PZP1t2bnSn7rUggn6jZzeN9qW5sunDSbGku0r6GtXrPaHYHf4Ipowr2jkgXn5zQYhA==",
      "dependencies": {}
    },
    "node_modules/puppeteer-extra": {
      "version": "3.3.6",
      "resolved": "https://registry.npmjs.org/puppeteer-extra/-/puppeteer-extra-3.3.6.tgz",
      "integrity": "sha512-HZghvXNCG8YJ5x7gqxONPZrUerk8QvEF0E8lk+dbiDhMrnQNp3Z88+rZRv44VYwCLBSbkd14eGfI9UEPzm0ofA==",
      "dependencies": {
        "debug": "^4.3.4",
        "deepmerge": "^4.3.1"
      }
    },
    "node_modules/puppeteer-extra-plugin-stealth": {
      "version": "2.11.2",
      "resolved": "https://registry.npmjs.org/puppeteer-extra-plugin-stealth/-/puppeteer-extra-plugin-stealth-2.11.2.tgz",
      "integrity": "sha512-yovlL6GWnVF8v3jRW8594SWYjAQS9suFmCAQgTUzC9BDhuG4hsvfRSCLD/oKyyI0TCLtUPn2x12e08tfOQ2i8Q==",
      "dependencies": {
        "puppeteer-extra-plugin": "^3.2.3"
      }
    },
    "node_modules/puppeteer-extra-plugin": {
      "version": "3.2.3",
      "resolved": "https://registry.npmjs.org/puppeteer-extra-plugin/-/puppeteer-extra-plugin-3.2.3.tgz",
      "integrity": "sha512-vkLaRnkZpabQ0UXGmPjbV5Zp5sE1m9Xl/9J1oYYBXq6CPC8cK9J3G+siOQSLC2iShYIYrvjSiiUivfPhuj1mRA=="
    }
  }
}
